
Microsoft Visual Studio Solution File, Format Version 12.00
Project("{FAE04EC0-301F-11D3-BF4B-00C04F79EFBC}") = "IgnMath", "IgnMath\IgnMath.csproj", "{715BE283-4939-48C9-A184-4AEDDA20D079}"
EndProject
Project("{FAE04EC0-301F-11D3-BF4B-00C04F79EFBC}") = "IgnMath.Test", "IgnMath.Test\IgnMath.Test.csproj", "{FD24CF79-8728-406A-8CFC-6B7EAB233605}"
EndProject
Global
	GlobalSection(SolutionConfigurationPlatforms) = preSolution
		Debug|Any CPU = Debug|Any CPU
		Release|Any CPU = Release|Any CPU
	EndGlobalSection
	GlobalSection(ProjectConfigurationPlatforms) = postSolution
		{715BE283-4939-48C9-A184-4AEDDA20D079}.Debug|Any CPU.ActiveCfg = Debug|Any CPU
		{715BE283-4939-48C9-A184-4AEDDA20D079}.Debug|Any CPU.Build.0 = Debug|Any CPU
		{715BE283-4939-48C9-A184-4AEDDA20D079}.Release|Any CPU.ActiveCfg = Release|Any CPU
		{715BE283-4939-48C9-A184-4AEDDA20D079}.Release|Any CPU.Build.0 = Release|Any CPU
		{FD24CF79-8728-406A-8CFC-6B7EAB233605}.Debug|Any CPU.ActiveCfg = Debug|Any CPU
		{FD24CF79-8728-406A-8CFC-6B7EAB233605}.Debug|Any CPU.Build.0 = Debug|Any CPU
		{FD24CF79-8728-406A-8CFC-6B7EAB233605}.Release|Any CPU.ActiveCfg = Release|Any CPU
		{FD24CF79-8728-406A-8CFC-6B7EAB233605}.Release|Any CPU.Build.0 = Release|Any CPU
	EndGlobalSection
EndGlobal
